
Microsoft Visual Studio Solution File, Format Version 12.00
# Visual Studio Version 16
VisualStudioVersion = 16.0.31321.278
MinimumVisualStudioVersion = 10.0.40219.1
Project("{9A19103F-16F7-4668-BE54-9A1E7A4F7556}") = "reftool-blazor-server", "reftool-blazor-server.csproj", "{5B061CD9-B4F1-4675-A646-D749F905633E}"
EndProject
Project("{9A19103F-16F7-4668-BE54-9A1E7A4F7556}") = "DataAccessLibrary", "..\DataAccessLibrary\DataAccessLibrary.csproj", "{5115DCA6-F68A-47EF-859F-01F8E4280198}"
EndProject
Global
	GlobalSection(SolutionConfigurationPlatforms) = preSolution
		Debug|Any CPU = Debug|Any CPU
		Release|Any CPU = Release|Any CPU
	EndGlobalSection
	GlobalSection(ProjectConfigurationPlatforms) = postSolution
		{5B061CD9-B4F1-4675-A646-D749F905633E}.Debug|Any CPU.ActiveCfg = Debug|Any CPU
		{5B061CD9-B4F1-4675-A646-D749F905633E}.Debug|Any CPU.Build.0 = Debug|Any CPU
		{5B061CD9-B4F1-4675-A646-D749F905633E}.Release|Any CPU.ActiveCfg = Release|Any CPU
		{5B061CD9-B4F1-4675-A646-D749F905633E}.Release|Any CPU.Build.0 = Release|Any CPU
		{5115DCA6-F68A-47EF-859F-01F8E4280198}.Debug|Any CPU.ActiveCfg = Debug|Any CPU
		{5115DCA6-F68A-47EF-859F-01F8E4280198}.Debug|Any CPU.Build.0 = Debug|Any CPU
		{5115DCA6-F68A-47EF-859F-01F8E4280198}.Release|Any CPU.ActiveCfg = Release|Any CPU
		{5115DCA6-F68A-47EF-859F-01F8E4280198}.Release|Any CPU.Build.0 = Release|Any CPU
	EndGlobalSection
	GlobalSection(SolutionProperties) = preSolution
		HideSolutionNode = FALSE
	EndGlobalSection
	GlobalSection(ExtensibilityGlobals) = postSolution
		SolutionGuid = {6C6990E3-F3C3-455B-A0F6-D375017DC29F}
	EndGlobalSection
EndGlobal
